
Microsoft Visual Studio Solution File, Format Version 12.00
# Visual Studio Version 17
VisualStudioVersion = 17.7.34024.191
MinimumVisualStudioVersion = 10.0.40219.1
Project("{9A19103F-16F7-4668-BE54-9A1E7A4F7556}") = "CactiServer", "CactiService\CactiServer.csproj", "{8FFE0335-E59C-42F9-BD19-49CDF3617E42}"
EndProject
Project("{9A19103F-16F7-4668-BE54-9A1E7A4F7556}") = "Shared", "Shared\Shared.csproj", "{64E0EEB4-43A1-41FC-93E1-C439BD265E48}"
EndProject
Project("{FAE04EC0-301F-11D3-BF4B-00C04F79EFBC}") = "Database", "..\Libraries\Database\Database\Database.csproj", "{D1048627-786A-4705-8FD7-BE4403307FB3}"
EndProject
Global
	GlobalSection(SolutionConfigurationPlatforms) = preSolution
		Create Procedures|Any CPU = Create Procedures|Any CPU
		Create Procedures|x64 = Create Procedures|x64
		Create Procedures|x86 = Create Procedures|x86
		Create UpdateScripts|Any CPU = Create UpdateScripts|Any CPU
		Create UpdateScripts|x64 = Create UpdateScripts|x64
		Create UpdateScripts|x86 = Create UpdateScripts|x86
		Debug|Any CPU = Debug|Any CPU
		Debug|x64 = Debug|x64
		Debug|x86 = Debug|x86
		Release|Any CPU = Release|Any CPU
		Release|x64 = Release|x64
		Release|x86 = Release|x86
	EndGlobalSection
	GlobalSection(ProjectConfigurationPlatforms) = postSolution
		{8FFE0335-E59C-42F9-BD19-49CDF3617E42}.Create Procedures|Any CPU.ActiveCfg = Release|Any CPU
		{8FFE0335-E59C-42F9-BD19-49CDF3617E42}.Create Procedures|Any CPU.Build.0 = Release|Any CPU
		{8FFE0335-E59C-42F9-BD19-49CDF3617E42}.Create Procedures|x64.ActiveCfg = Release|Any CPU
		{8FFE0335-E59C-42F9-BD19-49CDF3617E42}.Create Procedures|x64.Build.0 = Release|Any CPU
		{8FFE0335-E59C-42F9-BD19-49CDF3617E42}.Create Procedures|x86.ActiveCfg = Release|Any CPU
		{8FFE0335-E59C-42F9-BD19-49CDF3617E42}.Create Procedures|x86.Build.0 = Release|Any CPU
		{8FFE0335-E59C-42F9-BD19-49CDF3617E42}.Create UpdateScripts|Any CPU.ActiveCfg = Release|Any CPU
		{8FFE0335-E59C-42F9-BD19-49CDF3617E42}.Create UpdateScripts|Any CPU.Build.0 = Release|Any CPU
		{8FFE0335-E59C-42F9-BD19-49CDF3617E42}.Create UpdateScripts|x64.ActiveCfg = Release|Any CPU
		{8FFE0335-E59C-42F9-BD19-49CDF3617E42}.Create UpdateScripts|x64.Build.0 = Release|Any CPU
		{8FFE0335-E59C-42F9-BD19-49CDF3617E42}.Create UpdateScripts|x86.ActiveCfg = Release|Any CPU
		{8FFE0335-E59C-42F9-BD19-49CDF3617E42}.Create UpdateScripts|x86.Build.0 = Release|Any CPU
		{8FFE0335-E59C-42F9-BD19-49CDF3617E42}.Debug|Any CPU.ActiveCfg = Debug|Any CPU
		{8FFE0335-E59C-42F9-BD19-49CDF3617E42}.Debug|Any CPU.Build.0 = Debug|Any CPU
		{8FFE0335-E59C-42F9-BD19-49CDF3617E42}.Debug|x64.ActiveCfg = Debug|Any CPU
		{8FFE0335-E59C-42F9-BD19-49CDF3617E42}.Debug|x64.Build.0 = Debug|Any CPU
		{8FFE0335-E59C-42F9-BD19-49CDF3617E42}.Debug|x86.ActiveCfg = Debug|Any CPU
		{8FFE0335-E59C-42F9-BD19-49CDF3617E42}.Debug|x86.Build.0 = Debug|Any CPU
		{8FFE0335-E59C-42F9-BD19-49CDF3617E42}.Release|Any CPU.ActiveCfg = Release|Any CPU
		{8FFE0335-E59C-42F9-BD19-49CDF3617E42}.Release|Any CPU.Build.0 = Release|Any CPU
		{8FFE0335-E59C-42F9-BD19-49CDF3617E42}.Release|x64.ActiveCfg = Release|Any CPU
		{8FFE0335-E59C-42F9-BD19-49CDF3617E42}.Release|x64.Build.0 = Release|Any CPU
		{8FFE0335-E59C-42F9-BD19-49CDF3617E42}.Release|x86.ActiveCfg = Release|Any CPU
		{8FFE0335-E59C-42F9-BD19-49CDF3617E42}.Release|x86.Build.0 = Release|Any CPU
		{64E0EEB4-43A1-41FC-93E1-C439BD265E48}.Create Procedures|Any CPU.ActiveCfg = Release|Any CPU
		{64E0EEB4-43A1-41FC-93E1-C439BD265E48}.Create Procedures|Any CPU.Build.0 = Release|Any CPU
		{64E0EEB4-43A1-41FC-93E1-C439BD265E48}.Create Procedures|x64.ActiveCfg = Release|Any CPU
		{64E0EEB4-43A1-41FC-93E1-C439BD265E48}.Create Procedures|x64.Build.0 = Release|Any CPU
		{64E0EEB4-43A1-41FC-93E1-C439BD265E48}.Create Procedures|x86.ActiveCfg = Release|Any CPU
		{64E0EEB4-43A1-41FC-93E1-C439BD265E48}.Create Procedures|x86.Build.0 = Release|Any CPU
		{64E0EEB4-43A1-41FC-93E1-C439BD265E48}.Create UpdateScripts|Any CPU.ActiveCfg = Release|Any CPU
		{64E0EEB4-43A1-41FC-93E1-C439BD265E48}.Create UpdateScripts|Any CPU.Build.0 = Release|Any CPU
		{64E0EEB4-43A1-41FC-93E1-C439BD265E48}.Create UpdateScripts|x64.ActiveCfg = Release|Any CPU
		{64E0EEB4-43A1-41FC-93E1-C439BD265E48}.Create UpdateScripts|x64.Build.0 = Release|Any CPU
		{64E0EEB4-43A1-41FC-93E1-C439BD265E48}.Create UpdateScripts|x86.ActiveCfg = Release|Any CPU
		{64E0EEB4-43A1-41FC-93E1-C439BD265E48}.Create UpdateScripts|x86.Build.0 = Release|Any CPU
		{64E0EEB4-43A1-41FC-93E1-C439BD265E48}.Debug|Any CPU.ActiveCfg = Debug|Any CPU
		{64E0EEB4-43A1-41FC-93E1-C439BD265E48}.Debug|Any CPU.Build.0 = Debug|Any CPU
		{64E0EEB4-43A1-41FC-93E1-C439BD265E48}.Debug|x64.ActiveCfg = Debug|Any CPU
		{64E0EEB4-43A1-41FC-93E1-C439BD265E48}.Debug|x64.Build.0 = Debug|Any CPU
		{64E0EEB4-43A1-41FC-93E1-C439BD265E48}.Debug|x86.ActiveCfg = Debug|Any CPU
		{64E0EEB4-43A1-41FC-93E1-C439BD265E48}.Debug|x86.Build.0 = Debug|Any CPU
		{64E0EEB4-43A1-41FC-93E1-C439BD265E48}.Release|Any CPU.ActiveCfg = Release|Any CPU
		{64E0EEB4-43A1-41FC-93E1-C439BD265E48}.Release|Any CPU.Build.0 = Release|Any CPU
		{64E0EEB4-43A1-41FC-93E1-C439BD265E48}.Release|x64.ActiveCfg = Release|Any CPU
		{64E0EEB4-43A1-41FC-93E1-C439BD265E48}.Release|x64.Build.0 = Release|Any CPU
		{64E0EEB4-43A1-41FC-93E1-C439BD265E48}.Release|x86.ActiveCfg = Release|Any CPU
		{64E0EEB4-43A1-41FC-93E1-C439BD265E48}.Release|x86.Build.0 = Release|Any CPU
		{D1048627-786A-4705-8FD7-BE4403307FB3}.Create Procedures|Any CPU.ActiveCfg = Create Procedures|Any CPU
		{D1048627-786A-4705-8FD7-BE4403307FB3}.Create Procedures|Any CPU.Build.0 = Create Procedures|Any CPU
		{D1048627-786A-4705-8FD7-BE4403307FB3}.Create Procedures|x64.ActiveCfg = Create Procedures|x64
		{D1048627-786A-4705-8FD7-BE4403307FB3}.Create Procedures|x64.Build.0 = Create Procedures|x64
		{D1048627-786A-4705-8FD7-BE4403307FB3}.Create Procedures|x86.ActiveCfg = Create Procedures|x86
		{D1048627-786A-4705-8FD7-BE4403307FB3}.Create Procedures|x86.Build.0 = Create Procedures|x86
		{D1048627-786A-4705-8FD7-BE4403307FB3}.Create UpdateScripts|Any CPU.ActiveCfg = Create UpdateScripts|Any CPU
		{D1048627-786A-4705-8FD7-BE4403307FB3}.Create UpdateScripts|Any CPU.Build.0 = Create UpdateScripts|Any CPU
		{D1048627-786A-4705-8FD7-BE4403307FB3}.Create UpdateScripts|x64.ActiveCfg = Create UpdateScripts|x64
		{D1048627-786A-4705-8FD7-BE4403307FB3}.Create UpdateScripts|x64.Build.0 = Create UpdateScripts|x64
		{D1048627-786A-4705-8FD7-BE4403307FB3}.Create UpdateScripts|x86.ActiveCfg = Create UpdateScripts|x86
		{D1048627-786A-4705-8FD7-BE4403307FB3}.Create UpdateScripts|x86.Build.0 = Create UpdateScripts|x86
		{D1048627-786A-4705-8FD7-BE4403307FB3}.Debug|Any CPU.ActiveCfg = Debug|Any CPU
		{D1048627-786A-4705-8FD7-BE4403307FB3}.Debug|Any CPU.Build.0 = Debug|Any CPU
		{D1048627-786A-4705-8FD7-BE4403307FB3}.Debug|x64.ActiveCfg = Debug|x64
		{D1048627-786A-4705-8FD7-BE4403307FB3}.Debug|x64.Build.0 = Debug|x64
		{D1048627-786A-4705-8FD7-BE4403307FB3}.Debug|x86.ActiveCfg = Debug|x86
		{D1048627-786A-4705-8FD7-BE4403307FB3}.Debug|x86.Build.0 = Debug|x86
		{D1048627-786A-4705-8FD7-BE4403307FB3}.Release|Any CPU.ActiveCfg = Release|Any CPU
		{D1048627-786A-4705-8FD7-BE4403307FB3}.Release|Any CPU.Build.0 = Release|Any CPU
		{D1048627-786A-4705-8FD7-BE4403307FB3}.Release|x64.ActiveCfg = Release|x64
		{D1048627-786A-4705-8FD7-BE4403307FB3}.Release|x64.Build.0 = Release|x64
		{D1048627-786A-4705-8FD7-BE4403307FB3}.Release|x86.ActiveCfg = Release|x86
		{D1048627-786A-4705-8FD7-BE4403307FB3}.Release|x86.Build.0 = Release|x86
	EndGlobalSection
	GlobalSection(SolutionProperties) = preSolution
		HideSolutionNode = FALSE
	EndGlobalSection
	GlobalSection(ExtensibilityGlobals) = postSolution
		SolutionGuid = {5476A6C7-F473-4B98-A0F9-CDB0D87BB827}
	EndGlobalSection
EndGlobal
